
Microsoft Visual Studio Solution File, Format Version 12.00
# Visual Studio Version 17
VisualStudioVersion = 17.3.32901.215
MinimumVisualStudioVersion = 10.0.40219.1
Project("{FAE04EC0-301F-11D3-BF4B-00C04F79EFBC}") = "Bebas", "Bebas.csproj", "{479D24D8-ABCF-49FB-B972-9C13FDA27335}"
EndProject
Global
	GlobalSection(SolutionConfigurationPlatforms) = preSolution
		Debug|Any CPU = Debug|Any CPU
		Release|Any CPU = Release|Any CPU
	EndGlobalSection
	GlobalSection(ProjectConfigurationPlatforms) = postSolution
		{479D24D8-ABCF-49FB-B972-9C13FDA27335}.Debug|Any CPU.ActiveCfg = Debug|Any CPU
		{479D24D8-ABCF-49FB-B972-9C13FDA27335}.Debug|Any CPU.Build.0 = Debug|Any CPU
		{479D24D8-ABCF-49FB-B972-9C13FDA27335}.Release|Any CPU.ActiveCfg = Release|Any CPU
		{479D24D8-ABCF-49FB-B972-9C13FDA27335}.Release|Any CPU.Build.0 = Release|Any CPU
	EndGlobalSection
	GlobalSection(SolutionProperties) = preSolution
		HideSolutionNode = FALSE
	EndGlobalSection
	GlobalSection(ExtensibilityGlobals) = postSolution
		SolutionGuid = {BD7D51F1-9EB6-4061-A958-BE6A6C08CD67}
	EndGlobalSection
EndGlobal
